// !$*UTF8*$!
{
	archiveVersion = 1;
	classes = {
	};
	objectVersion = 46;
	objects = {

/* Begin PBXBuildFile section */
		CA65EA181BBC3091008643DA /* AppDelegate.swift in Sources */ = {isa = PBXBuildFile; fileRef = CA65EA171BBC3091008643DA /* AppDelegate.swift */; };
		CA65EA1A1BBC3091008643DA /* ViewController.swift in Sources */ = {isa = PBXBuildFile; fileRef = CA65EA191BBC3091008643DA /* ViewController.swift */; };
		CA65EA1D1BBC3091008643DA /* Main.storyboard in Resources */ = {isa = PBXBuildFile; fileRef = CA65EA1B1BBC3091008643DA /* Main.storyboard */; };
		CA65EA1F1BBC3091008643DA /* Images.xcassets in Resources */ = {isa = PBXBuildFile; fileRef = CA65EA1E1BBC3091008643DA /* Images.xcassets */; };
		CA65EA221BBC3091008643DA /* LaunchScreen.xib in Resources */ = {isa = PBXBuildFile; fileRef = CA65EA201BBC3091008643DA /* LaunchScreen.xib */; };
		CA65EA4D1BBC30D8008643DA /* ScoreboardLabel.framework in Frameworks */ = {isa = PBXBuildFile; fileRef = CA65EA481BBC30CA008643DA /* ScoreboardLabel.framework */; };
		CA65EA4F1BBC30E7008643DA /* ScoreboardLabel.framework in CopyFiles */ = {isa = PBXBuildFile; fileRef = CA65EA481BBC30CA008643DA /* ScoreboardLabel.framework */; settings = {ATTRIBUTES = (CodeSignOnCopy, RemoveHeadersOnCopy, ); }; };
/* End PBXBuildFile section */

/* Begin PBXContainerItemProxy section */
		CA65EA471BBC30CA008643DA /* PBXContainerItemProxy */ = {
			isa = PBXContainerItemProxy;
			containerPortal = CA65EA421BBC30CA008643DA /* ScoreboardLabel.xcodeproj */;
			proxyType = 2;
			remoteGlobalIDString = CA65E9E71BBC2F72008643DA;
			remoteInfo = ScoreboardLabel;
		};
		CA65EA4B1BBC30D1008643DA /* PBXContainerItemProxy */ = {
			isa = PBXContainerItemProxy;
			containerPortal = CA65EA421BBC30CA008643DA /* ScoreboardLabel.xcodeproj */;
			proxyType = 1;
			remoteGlobalIDString = CA65E9E61BBC2F72008643DA;
			remoteInfo = ScoreboardLabel;
		};
/* End PBXContainerItemProxy section */

/* Begin PBXCopyFilesBuildPhase section */
		CA65EA4E1BBC30DC008643DA /* CopyFiles */ = {
			isa = PBXCopyFilesBuildPhase;
			buildActionMask = 2147483647;
			dstPath = "";
			dstSubfolderSpec = 10;
			files = (
				CA65EA4F1BBC30E7008643DA /* ScoreboardLabel.framework in CopyFiles */,
			);
			runOnlyForDeploymentPostprocessing = 0;
		};
/* End PBXCopyFilesBuildPhase section */

/* Begin PBXFileReference section */
		CA65EA121BBC3091008643DA /* Example.app */ = {isa = PBXFileReference; explicitFileType = wrapper.application; includeInIndex = 0; path = Example.app; sourceTree = BUILT_PRODUCTS_DIR; };
		CA65EA161BBC3091008643DA /* Info.plist */ = {isa = PBXFileReference; lastKnownFileType = text.plist.xml; path = Info.plist; sourceTree = "<group>"; };
		CA65EA171BBC3091008643DA /* AppDelegate.swift */ = {isa = PBXFileReference; lastKnownFileType = sourcecode.swift; path = AppDelegate.swift; sourceTree = "<group>"; };
		CA65EA191BBC3091008643DA /* ViewController.swift */ = {isa = PBXFileReference; lastKnownFileType = sourcecode.swift; path = ViewController.swift; sourceTree = "<group>"; };
		CA65EA1C1BBC3091008643DA /* Base */ = {isa = PBXFileReference; lastKnownFileType = file.storyboard; name = Base; path = Base.lproj/Main.storyboard; sourceTree = "<group>"; };
		CA65EA1E1BBC3091008643DA /* Images.xcassets */ = {isa = PBXFileReference; lastKnownFileType = folder.assetcatalog; path = Images.xcassets; sourceTree = "<group>"; };
		CA65EA211BBC3091008643DA /* Base */ = {isa = PBXFileReference; lastKnownFileType = file.xib; name = Base; path = Base.lproj/LaunchScreen.xib; sourceTree = "<group>"; };
		CA65EA421BBC30CA008643DA /* ScoreboardLabel.xcodeproj */ = {isa = PBXFileReference; lastKnownFileType = "wrapper.pb-project"; name = ScoreboardLabel.xcodeproj; path = ../ScoreboardLabel.xcodeproj; sourceTree = "<group>"; };
/* End PBXFileReference section */

/* Begin PBXFrameworksBuildPhase section */
		CA65EA0F1BBC3091008643DA /* Frameworks */ = {
			isa = PBXFrameworksBuildPhase;
			buildActionMask = 2147483647;
			files = (
				CA65EA4D1BBC30D8008643DA /* ScoreboardLabel.framework in Frameworks */,
			);
			runOnlyForDeploymentPostprocessing = 0;
		};
/* End PBXFrameworksBuildPhase section */

/* Begin PBXGroup section */
		CA65EA091BBC3091008643DA = {
			isa = PBXGroup;
			children = (
				CA65EA421BBC30CA008643DA /* ScoreboardLabel.xcodeproj */,
				CA65EA141BBC3091008643DA /* Example */,
				CA65EA131BBC3091008643DA /* Products */,
			);
			sourceTree = "<group>";
		};
		CA65EA131BBC3091008643DA /* Products */ = {
			isa = PBXGroup;
			children = (
				CA65EA121BBC3091008643DA /* Example.app */,
			);
			name = Products;
			sourceTree = "<group>";
		};
		CA65EA141BBC3091008643DA /* Example */ = {
			isa = PBXGroup;
			children = (
				CA65EA171BBC3091008643DA /* AppDelegate.swift */,
				CA65EA191BBC3091008643DA /* ViewController.swift */,
				CA65EA1B1BBC3091008643DA /* Main.storyboard */,
				CA65EA1E1BBC3091008643DA /* Images.xcassets */,
				CA65EA201BBC3091008643DA /* LaunchScreen.xib */,
				CA65EA151BBC3091008643DA /* Supporting Files */,
			);
			path = Example;
			sourceTree = "<group>";
		};
		CA65EA151BBC3091008643DA /* Supporting Files */ = {
			isa = PBXGroup;
			children = (
				CA65EA161BBC3091008643DA /* Info.plist */,
			);
			name = "Supporting Files";
			sourceTree = "<group>";
		};
		CA65EA431BBC30CA008643DA /* Products */ = {
			isa = PBXGroup;
			children = (
				CA65EA481BBC30CA008643DA /* ScoreboardLabel.framework */,
			);
			name = Products;
			sourceTree = "<group>";
		};
/* End PBXGroup section */

/* Begin PBXNativeTarget section */
		CA65EA111BBC3091008643DA /* Example */ = {
			isa = PBXNativeTarget;
			buildConfigurationList = CA65EA311BBC3091008643DA /* Build configuration list for PBXNativeTarget "Example" */;
			buildPhases = (
				CA65EA0E1BBC3091008643DA /* Sources */,
				CA65EA0F1BBC3091008643DA /* Frameworks */,
				CA65EA101BBC3091008643DA /* Resources */,
				CA65EA4E1BBC30DC008643DA /* CopyFiles */,
			);
			buildRules = (
			);
			dependencies = (
				CA65EA4C1BBC30D1008643DA /* PBXTargetDependency */,
			);
			name = Example;
			productName = Example;
			productReference = CA65EA121BBC3091008643DA /* Example.app */;
			productType = "com.apple.product-type.application";
		};
/* End PBXNativeTarget section */

/* Begin PBXProject section */
		CA65EA0A1BBC3091008643DA /* Project object */ = {
			isa = PBXProject;
			attributes = {
				LastUpgradeCheck = 0640;
				ORGANIZATIONNAME = Noam;
				TargetAttributes = {
					CA65EA111BBC3091008643DA = {
						CreatedOnToolsVersion = 6.4;
					};
				};
			};
			buildConfigurationList = CA65EA0D1BBC3091008643DA /* Build configuration list for PBXProject "Example" */;
			compatibilityVersion = "Xcode 3.2";
			developmentRegion = English;
			hasScannedForEncodings = 0;
			knownRegions = (
				en,
				Base,
			);
			mainGroup = CA65EA091BBC3091008643DA;
			productRefGroup = CA65EA131BBC3091008643DA /* Products */;
			projectDirPath = "";
			projectReferences = (
				{
					ProductGroup = CA65EA431BBC30CA008643DA /* Products */;
					ProjectRef = CA65EA421BBC30CA008643DA /* ScoreboardLabel.xcodeproj */;
				},
			);
			projectRoot = "";
			targets = (
				CA65EA111BBC3091008643DA /* Example */,
			);
		};
/* End PBXProject section */

/* Begin PBXReferenceProxy section */
		CA65EA481BBC30CA008643DA /* ScoreboardLabel.framework */ = {
			isa = PBXReferenceProxy;
			fileType = wrapper.framework;
			path = ScoreboardLabel.framework;
			remoteRef = CA65EA471BBC30CA008643DA /* PBXContainerItemProxy */;
			sourceTree = BUILT_PRODUCTS_DIR;
		};
/* End PBXReferenceProxy section */

/* Begin PBXResourcesBuildPhase section */
		CA65EA101BBC3091008643DA /* Resources */ = {
			isa = PBXResourcesBuildPhase;
			buildActionMask = 2147483647;
			files = (
				CA65EA1D1BBC3091008643DA /* Main.storyboard in Resources */,
				CA65EA221BBC3091008643DA /* LaunchScreen.xib in Resources */,
				CA65EA1F1BBC3091008643DA /* Images.xcassets in Resources */,
			);
			runOnlyForDeploymentPostprocessing = 0;
		};
/* End PBXResourcesBuildPhase section */

/* Begin PBXSourcesBuildPhase section */
		CA65EA0E1BBC3091008643DA /* Sources */ = {
			isa = PBXSourcesBuildPhase;
			buildActionMask = 2147483647;
			files = (
				CA65EA1A1BBC3091008643DA /* ViewController.swift in Sources */,
				CA65EA181BBC3091008643DA /* AppDelegate.swift in Sources */,
			);
			runOnlyForDeploymentPostprocessing = 0;
		};
/* End PBXSourcesBuildPhase section */

/* Begin PBXTargetDependency section */
		CA65EA4C1BBC30D1008643DA /* PBXTargetDependency */ = {
			isa = PBXTargetDependency;
			name = ScoreboardLabel;
			targetProxy = CA65EA4B1BBC30D1008643DA /* PBXContainerItemProxy */;
		};
/* End PBXTargetDependency section */

/* Begin PBXVariantGroup section */
		CA65EA1B1BBC3091008643DA /* Main.storyboard */ = {
			isa = PBXVariantGroup;
			children = (
				CA65EA1C1BBC3091008643DA /* Base */,
			);
			name = Main.storyboard;
			sourceTree = "<group>";
		};
		CA65EA201BBC3091008643DA /* LaunchScreen.xib */ = {
			isa = PBXVariantGroup;
			children = (
				CA65EA211BBC3091008643DA /* Base */,
			);
			name = LaunchScreen.xib;
			sourceTree = "<group>";
		};
/* End PBXVariantGroup section */

/* Begin XCBuildConfiguration section */
		CA65EA2F1BBC3091008643DA /* Debug */ = {
			isa = XCBuildConfiguration;
			buildSettings = {
				ALWAYS_SEARCH_USER_PATHS = NO;
				CLANG_CXX_LANGUAGE_STANDARD = "gnu++0x";
				CLANG_CXX_LIBRARY = "libc++";
				CLANG_ENABLE_MODULES = YES;
				CLANG_ENABLE_OBJC_ARC = YES;
				CLANG_WARN_BOOL_CONVERSION = YES;
				CLANG_WARN_CONSTANT_CONVERSION = YES;
				CLANG_WARN_DIRECT_OBJC_ISA_USAGE = YES_ERROR;
				CLANG_WARN_EMPTY_BODY = YES;
				CLANG_WARN_ENUM_CONVERSION = YES;
				CLANG_WARN_INT_CONVERSION = YES;
				CLANG_WARN_OBJC_ROOT_CLASS = YES_ERROR;
				CLANG_WARN_UNREACHABLE_CODE = YES;
				CLANG_WARN__DUPLICATE_METHOD_MATCH = YES;
				"CODE_SIGN_IDENTITY[sdk=iphoneos*]" = "iPhone Developer";
				COPY_PHASE_STRIP = NO;
				DEBUG_INFORMATION_FORMAT = "dwarf-with-dsym";
				ENABLE_STRICT_OBJC_MSGSEND = YES;
				GCC_C_LANGUAGE_STANDARD = gnu99;
				GCC_DYNAMIC_NO_PIC = NO;
				GCC_NO_COMMON_BLOCKS = YES;
				GCC_OPTIMIZATION_LEVEL = 0;
				GCC_PREPROCESSOR_DEFINITIONS = (
					"DEBUG=1",
					"$(inherited)",
				);
				GCC_SYMBOLS_PRIVATE_EXTERN = NO;
				GCC_WARN_64_TO_32_BIT_CONVERSION = YES;
				GCC_WARN_ABOUT_RETURN_TYPE = YES_ERROR;
				GCC_WARN_UNDECLARED_SELECTOR = YES;
				GCC_WARN_UNINITIALIZED_AUTOS = YES_AGGRESSIVE;
				GCC_WARN_UNUSED_FUNCTION = YES;
				GCC_WARN_UNUSED_VARIABLE = YES;
				IPHONEOS_DEPLOYMENT_TARGET = 8.4;
				MTL_ENABLE_DEBUG_INFO = YES;
				ONLY_ACTIVE_ARCH = YES;
				SDKROOT = iphoneos;
				SWIFT_OPTIMIZATION_LEVEL = "-Onone";
			};
			name = Debug;
		};
		CA65EA301BBC3091008643DA /* Release */ = {
			isa = XCBuildConfiguration;
			buildSettings = {
				ALWAYS_SEARCH_USER_PATHS = NO;
				CLANG_CXX_LANGUAGE_STANDARD = "gnu++0x";
				CLANG_CXX_LIBRARY = "libc++";
				CLANG_ENABLE_MODULES = YES;
				CLANG_ENABLE_OBJC_ARC = YES;
				CLANG_WARN_BOOL_CONVERSION = YES;
				CLANG_WARN_CONSTANT_CONVERSION = YES;
				CLANG_WARN_DIRECT_OBJC_ISA_USAGE = YES_ERROR;
				CLANG_WARN_EMPTY_BODY = YES;
				CLANG_WARN_ENUM_CONVERSION = YES;
				CLANG_WARN_INT_CONVERSION = YES;
				CLANG_WARN_OBJC_ROOT_CLASS = YES_ERROR;
				CLANG_WARN_UNREACHABLE_CODE = YES;
				CLANG_WARN__DUPLICATE_METHOD_MATCH = YES;
				"CODE_SIGN_IDENTITY[sdk=iphoneos*]" = "iPhone Developer";
				COPY_PHASE_STRIP = NO;
				DEBUG_INFORMATION_FORMAT = "dwarf-with-dsym";
				ENABLE_NS_ASSERTIONS = NO;
				ENABLE_STRICT_OBJC_MSGSEND = YES;
				GCC_C_LANGUAGE_STANDARD = gnu99;
				GCC_NO_COMMON_BLOCKS = YES;
				GCC_WARN_64_TO_32_BIT_CONVERSION = YES;
				GCC_WARN_ABOUT_RETURN_TYPE = YES_ERROR;
				GCC_WARN_UNDECLARED_SELECTOR = YES;
				GCC_WARN_UNINITIALIZED_AUTOS = YES_AGGRESSIVE;
				GCC_WARN_UNUSED_FUNCTION = YES;
				GCC_WARN_UNUSED_VARIABLE = YES;
				IPHONEOS_DEPLOYMENT_TARGET = 8.4;
				MTL_ENABLE_DEBUG_INFO = NO;
				SDKROOT = iphoneos;
				VALIDATE_PRODUCT = YES;
			};
			name = Release;
		};
		CA65EA321BBC3091008643DA /* Debug */ = {
			isa = XCBuildConfiguration;
			buildSettings = {
				ASSETCATALOG_COMPILER_APPICON_NAME = AppIcon;
				INFOPLIST_FILE = Example/Info.plist;
				LD_RUNPATH_SEARCH_PATHS = "$(inherited) @executable_path/Frameworks";
				PRODUCT_NAME = "$(TARGET_NAME)";
			};
			name = Debug;
		};
		CA65EA331BBC3091008643DA /* Release */ = {
			isa = XCBuildConfiguration;
			buildSettings = {
				ASSETCATALOG_COMPILER_APPICON_NAME = AppIcon;
				INFOPLIST_FILE = Example/Info.plist;
				LD_RUNPATH_SEARCH_PATHS = "$(inherited) @executable_path/Frameworks";
				PRODUCT_NAME = "$(TARGET_NAME)";
			};
			name = Release;
		};
/* End XCBuildConfiguration section */

/* Begin XCConfigurationList section */
		CA65EA0D1BBC3091008643DA /* Build configuration list for PBXProject "Example" */ = {
			isa = XCConfigurationList;
			buildConfigurations = (
				CA65EA2F1BBC3091008643DA /* Debug */,
				CA65EA301BBC3091008643DA /* Release */,
			);
			defaultConfigurationIsVisible = 0;
			defaultConfigurationName = Release;
		};
		CA65EA311BBC3091008643DA /* Build configuration list for PBXNativeTarget "Example" */ = {
			isa = XCConfigurationList;
			buildConfigurations = (
				CA65EA321BBC3091008643DA /* Debug */,
				CA65EA331BBC3091008643DA /* Release */,
			);
			defaultConfigurationIsVisible = 0;
		};
/* End XCConfigurationList section */
	};
	rootObject = CA65EA0A1BBC3091008643DA /* Project object */;
}
